
Microsoft Visual Studio Solution File, Format Version 12.00
# Visual Studio Version 16
VisualStudioVersion = 16.0.30611.23
MinimumVisualStudioVersion = 10.0.40219.1
Project("{FAE04EC0-301F-11D3-BF4B-00C04F79EFBC}") = "dotNet5781_01_6859_2304", "doNet5781_01_6859_2304\dotNet5781_01_6859_2304.csproj", "{8A50D253-9204-4998-8835-1B0E2DB5DA83}"
EndProject
Project("{FAE04EC0-301F-11D3-BF4B-00C04F79EFBC}") = "dotNet5781_00_6859_2304", "doNet5781_01_6859_2304_00\dotNet5781_00_6859_2304.csproj", "{935E9BEA-AADD-44CD-840F-3B3955127EBA}"
EndProject
Project("{FAE04EC0-301F-11D3-BF4B-00C04F79EFBC}") = "dotNet5781_02_6859_2304", "dotNet5781_02_6859_2304\dotNet5781_02_6859_2304.csproj", "{9670C328-89B1-44AB-A877-154B84D30694}"
EndProject
Project("{9A19103F-16F7-4668-BE54-9A1E7A4F7556}") = "dotNet5781_03a_6859_2304", "dotNet5781_03a_6859_2304\dotNet5781_03a_6859_2304.csproj", "{B5B593F8-8002-49EC-8E1A-498A1C164C49}"
EndProject
Project("{9A19103F-16F7-4668-BE54-9A1E7A4F7556}") = "dotNet5781_03b_6859_2304", "dotNet5781_03b_6859_2304\dotNet5781_03b_6859_2304.csproj", "{0CCE3B18-06BB-42EF-B323-FF150EE270F4}"
EndProject
Project("{2150E333-8FDC-42A3-9474-1A3956D46DE8}") = "dotNet5781_PR_6859_2304", "dotNet5781_PR_6859_2304", "{48979476-6C26-4580-9F77-94A112E2F3B4}"
EndProject
Project("{FAE04EC0-301F-11D3-BF4B-00C04F79EFBC}") = "UI", "UI\UI.csproj", "{7692A7BC-AE36-4A9D-BC83-672D5117C33E}"
EndProject
Project("{FAE04EC0-301F-11D3-BF4B-00C04F79EFBC}") = "Bl", "BL\Bl.csproj", "{591AB3EB-B1F8-41E0-9149-468DC43907C6}"
EndProject
Project("{FAE04EC0-301F-11D3-BF4B-00C04F79EFBC}") = "DLAPI", "DLAPI\DLAPI.csproj", "{8534AA4E-2C42-4772-92C2-B7F184771ED4}"
EndProject
Project("{FAE04EC0-301F-11D3-BF4B-00C04F79EFBC}") = "DALObject", "ClassLibrary1\DALObject.csproj", "{2F92CE73-6B6F-4D50-98F1-D8E01A02AF08}"
EndProject
Project("{FAE04EC0-301F-11D3-BF4B-00C04F79EFBC}") = "DS", "DS\DS.csproj", "{F297544C-86A0-4FE4-ACEF-A8BE3FB8D885}"
EndProject
Global
	GlobalSection(SolutionConfigurationPlatforms) = preSolution
		Debug|Any CPU = Debug|Any CPU
		Release|Any CPU = Release|Any CPU
	EndGlobalSection
	GlobalSection(ProjectConfigurationPlatforms) = postSolution
		{8A50D253-9204-4998-8835-1B0E2DB5DA83}.Debug|Any CPU.ActiveCfg = Debug|Any CPU
		{8A50D253-9204-4998-8835-1B0E2DB5DA83}.Debug|Any CPU.Build.0 = Debug|Any CPU
		{8A50D253-9204-4998-8835-1B0E2DB5DA83}.Release|Any CPU.ActiveCfg = Release|Any CPU
		{8A50D253-9204-4998-8835-1B0E2DB5DA83}.Release|Any CPU.Build.0 = Release|Any CPU
		{935E9BEA-AADD-44CD-840F-3B3955127EBA}.Debug|Any CPU.ActiveCfg = Debug|Any CPU
		{935E9BEA-AADD-44CD-840F-3B3955127EBA}.Debug|Any CPU.Build.0 = Debug|Any CPU
		{935E9BEA-AADD-44CD-840F-3B3955127EBA}.Release|Any CPU.ActiveCfg = Release|Any CPU
		{935E9BEA-AADD-44CD-840F-3B3955127EBA}.Release|Any CPU.Build.0 = Release|Any CPU
		{9670C328-89B1-44AB-A877-154B84D30694}.Debug|Any CPU.ActiveCfg = Debug|Any CPU
		{9670C328-89B1-44AB-A877-154B84D30694}.Debug|Any CPU.Build.0 = Debug|Any CPU
		{9670C328-89B1-44AB-A877-154B84D30694}.Release|Any CPU.ActiveCfg = Release|Any CPU
		{9670C328-89B1-44AB-A877-154B84D30694}.Release|Any CPU.Build.0 = Release|Any CPU
		{B5B593F8-8002-49EC-8E1A-498A1C164C49}.Debug|Any CPU.ActiveCfg = Debug|Any CPU
		{B5B593F8-8002-49EC-8E1A-498A1C164C49}.Debug|Any CPU.Build.0 = Debug|Any CPU
		{B5B593F8-8002-49EC-8E1A-498A1C164C49}.Release|Any CPU.ActiveCfg = Release|Any CPU
		{B5B593F8-8002-49EC-8E1A-498A1C164C49}.Release|Any CPU.Build.0 = Release|Any CPU
		{0CCE3B18-06BB-42EF-B323-FF150EE270F4}.Debug|Any CPU.ActiveCfg = Debug|Any CPU
		{0CCE3B18-06BB-42EF-B323-FF150EE270F4}.Debug|Any CPU.Build.0 = Debug|Any CPU
		{0CCE3B18-06BB-42EF-B323-FF150EE270F4}.Release|Any CPU.ActiveCfg = Release|Any CPU
		{0CCE3B18-06BB-42EF-B323-FF150EE270F4}.Release|Any CPU.Build.0 = Release|Any CPU
		{7692A7BC-AE36-4A9D-BC83-672D5117C33E}.Debug|Any CPU.ActiveCfg = Debug|Any CPU
		{7692A7BC-AE36-4A9D-BC83-672D5117C33E}.Debug|Any CPU.Build.0 = Debug|Any CPU
		{7692A7BC-AE36-4A9D-BC83-672D5117C33E}.Release|Any CPU.ActiveCfg = Release|Any CPU
		{7692A7BC-AE36-4A9D-BC83-672D5117C33E}.Release|Any CPU.Build.0 = Release|Any CPU
		{591AB3EB-B1F8-41E0-9149-468DC43907C6}.Debug|Any CPU.ActiveCfg = Debug|Any CPU
		{591AB3EB-B1F8-41E0-9149-468DC43907C6}.Debug|Any CPU.Build.0 = Debug|Any CPU
		{591AB3EB-B1F8-41E0-9149-468DC43907C6}.Release|Any CPU.ActiveCfg = Release|Any CPU
		{591AB3EB-B1F8-41E0-9149-468DC43907C6}.Release|Any CPU.Build.0 = Release|Any CPU
		{8534AA4E-2C42-4772-92C2-B7F184771ED4}.Debug|Any CPU.ActiveCfg = Debug|Any CPU
		{8534AA4E-2C42-4772-92C2-B7F184771ED4}.Debug|Any CPU.Build.0 = Debug|Any CPU
		{8534AA4E-2C42-4772-92C2-B7F184771ED4}.Release|Any CPU.ActiveCfg = Release|Any CPU
		{8534AA4E-2C42-4772-92C2-B7F184771ED4}.Release|Any CPU.Build.0 = Release|Any CPU
		{2F92CE73-6B6F-4D50-98F1-D8E01A02AF08}.Debug|Any CPU.ActiveCfg = Debug|Any CPU
		{2F92CE73-6B6F-4D50-98F1-D8E01A02AF08}.Debug|Any CPU.Build.0 = Debug|Any CPU
		{2F92CE73-6B6F-4D50-98F1-D8E01A02AF08}.Release|Any CPU.ActiveCfg = Release|Any CPU
		{2F92CE73-6B6F-4D50-98F1-D8E01A02AF08}.Release|Any CPU.Build.0 = Release|Any CPU
		{F297544C-86A0-4FE4-ACEF-A8BE3FB8D885}.Debug|Any CPU.ActiveCfg = Debug|Any CPU
		{F297544C-86A0-4FE4-ACEF-A8BE3FB8D885}.Debug|Any CPU.Build.0 = Debug|Any CPU
		{F297544C-86A0-4FE4-ACEF-A8BE3FB8D885}.Release|Any CPU.ActiveCfg = Release|Any CPU
		{F297544C-86A0-4FE4-ACEF-A8BE3FB8D885}.Release|Any CPU.Build.0 = Release|Any CPU
	EndGlobalSection
	GlobalSection(SolutionProperties) = preSolution
		HideSolutionNode = FALSE
	EndGlobalSection
	GlobalSection(NestedProjects) = preSolution
		{7692A7BC-AE36-4A9D-BC83-672D5117C33E} = {48979476-6C26-4580-9F77-94A112E2F3B4}
		{591AB3EB-B1F8-41E0-9149-468DC43907C6} = {48979476-6C26-4580-9F77-94A112E2F3B4}
		{8534AA4E-2C42-4772-92C2-B7F184771ED4} = {48979476-6C26-4580-9F77-94A112E2F3B4}
		{2F92CE73-6B6F-4D50-98F1-D8E01A02AF08} = {48979476-6C26-4580-9F77-94A112E2F3B4}
		{F297544C-86A0-4FE4-ACEF-A8BE3FB8D885} = {48979476-6C26-4580-9F77-94A112E2F3B4}
	EndGlobalSection
	GlobalSection(ExtensibilityGlobals) = postSolution
		SolutionGuid = {34F3CD40-188F-442D-84D9-61DE1C25A32B}
	EndGlobalSection
EndGlobal
